// !$*UTF8*$!
{
	archiveVersion = 1;
	classes = {
	};
	objectVersion = 46;
	objects = {

/* Begin PBXBuildFile section */
		4F4240E614EFE08D00E7710D /* UIKit.framework in Frameworks */ = {isa = PBXBuildFile; fileRef = 4F4240E514EFE08D00E7710D /* UIKit.framework */; };
		4F4240E814EFE08D00E7710D /* Foundation.framework in Frameworks */ = {isa = PBXBuildFile; fileRef = 4F4240E714EFE08D00E7710D /* Foundation.framework */; };
		4F4240EA14EFE08D00E7710D /* CoreGraphics.framework in Frameworks */ = {isa = PBXBuildFile; fileRef = 4F4240E914EFE08D00E7710D /* CoreGraphics.framework */; };
		4F4240F014EFE08E00E7710D /* InfoPlist.strings in Resources */ = {isa = PBXBuildFile; fileRef = 4F4240EE14EFE08E00E7710D /* InfoPlist.strings */; };
		4F4240F214EFE08E00E7710D /* main.m in Sources */ = {isa = PBXBuildFile; fileRef = 4F4240F114EFE08E00E7710D /* main.m */; };
		4F4240F614EFE08E00E7710D /* AppDelegate.m in Sources */ = {isa = PBXBuildFile; fileRef = 4F4240F514EFE08E00E7710D /* AppDelegate.m */; };
		4F4240F914EFE08E00E7710D /* ViewController.m in Sources */ = {isa = PBXBuildFile; fileRef = 4F4240F814EFE08E00E7710D /* ViewController.m */; };
		4F4240FC14EFE08E00E7710D /* ViewController.xib in Resources */ = {isa = PBXBuildFile; fileRef = 4F4240FA14EFE08E00E7710D /* ViewController.xib */; };
		4F42410314EFE0F100E7710D /* AVFoundation.framework in Frameworks */ = {isa = PBXBuildFile; fileRef = 4F42410214EFE0F100E7710D /* AVFoundation.framework */; };
		4F42411114F0185300E7710D /* CoreMedia.framework in Frameworks */ = {isa = PBXBuildFile; fileRef = 4F42411014F0185300E7710D /* CoreMedia.framework */; };
		4FB15DE314F16EAC00FB0FD9 /* MediaPlayer.framework in Frameworks */ = {isa = PBXBuildFile; fileRef = 4FB15DE214F16EAC00FB0FD9 /* MediaPlayer.framework */; };
		F873504316D82312007A3DF5 /* pause.png in Resources */ = {isa = PBXBuildFile; fileRef = F873504116D82312007A3DF5 /* pause.png */; };
		F873504416D82312007A3DF5 /* play.png in Resources */ = {isa = PBXBuildFile; fileRef = F873504216D82312007A3DF5 /* play.png */; };
		F8B414AC16D81998004C8377 /* Base.png in Resources */ = {isa = PBXBuildFile; fileRef = F8B414AB16D81998004C8377 /* Base.png */; };
		F8B414AE16D81C7F004C8377 /* phaune-square.png in Resources */ = {isa = PBXBuildFile; fileRef = F8B414AD16D81C7F004C8377 /* phaune-square.png */; };
/* End PBXBuildFile section */

/* Begin PBXFileReference section */
		4F4240E114EFE08D00E7710D /* Phaune Radio.app */ = {isa = PBXFileReference; explicitFileType = wrapper.application; includeInIndex = 0; path = "Phaune Radio.app"; sourceTree = BUILT_PRODUCTS_DIR; };
		4F4240E514EFE08D00E7710D /* UIKit.framework */ = {isa = PBXFileReference; lastKnownFileType = wrapper.framework; name = UIKit.framework; path = System/Library/Frameworks/UIKit.framework; sourceTree = SDKROOT; };
		4F4240E714EFE08D00E7710D /* Foundation.framework */ = {isa = PBXFileReference; lastKnownFileType = wrapper.framework; name = Foundation.framework; path = System/Library/Frameworks/Foundation.framework; sourceTree = SDKROOT; };
		4F4240E914EFE08D00E7710D /* CoreGraphics.framework */ = {isa = PBXFileReference; lastKnownFileType = wrapper.framework; name = CoreGraphics.framework; path = System/Library/Frameworks/CoreGraphics.framework; sourceTree = SDKROOT; };
		4F4240ED14EFE08E00E7710D /* Phaune Radio-Info.plist */ = {isa = PBXFileReference; lastKnownFileType = text.plist.xml; path = "Phaune Radio-Info.plist"; sourceTree = "<group>"; };
		4F4240EF14EFE08E00E7710D /* en */ = {isa = PBXFileReference; lastKnownFileType = text.plist.strings; name = en; path = en.lproj/InfoPlist.strings; sourceTree = "<group>"; };
		4F4240F114EFE08E00E7710D /* main.m */ = {isa = PBXFileReference; lastKnownFileType = sourcecode.c.objc; path = main.m; sourceTree = "<group>"; };
		4F4240F314EFE08E00E7710D /* Phaune Radio-Prefix.pch */ = {isa = PBXFileReference; lastKnownFileType = sourcecode.c.h; path = "Phaune Radio-Prefix.pch"; sourceTree = "<group>"; };
		4F4240F414EFE08E00E7710D /* AppDelegate.h */ = {isa = PBXFileReference; lastKnownFileType = sourcecode.c.h; path = AppDelegate.h; sourceTree = "<group>"; };
		4F4240F514EFE08E00E7710D /* AppDelegate.m */ = {isa = PBXFileReference; lastKnownFileType = sourcecode.c.objc; path = AppDelegate.m; sourceTree = "<group>"; };
		4F4240F714EFE08E00E7710D /* ViewController.h */ = {isa = PBXFileReference; lastKnownFileType = sourcecode.c.h; path = ViewController.h; sourceTree = "<group>"; };
		4F4240F814EFE08E00E7710D /* ViewController.m */ = {isa = PBXFileReference; lastKnownFileType = sourcecode.c.objc; path = ViewController.m; sourceTree = "<group>"; };
		4F4240FB14EFE08E00E7710D /* en */ = {isa = PBXFileReference; lastKnownFileType = file.xib; name = en; path = en.lproj/ViewController.xib; sourceTree = "<group>"; };
		4F42410214EFE0F100E7710D /* AVFoundation.framework */ = {isa = PBXFileReference; lastKnownFileType = wrapper.framework; name = AVFoundation.framework; path = System/Library/Frameworks/AVFoundation.framework; sourceTree = SDKROOT; };
		4F42411014F0185300E7710D /* CoreMedia.framework */ = {isa = PBXFileReference; lastKnownFileType = wrapper.framework; name = CoreMedia.framework; path = System/Library/Frameworks/CoreMedia.framework; sourceTree = SDKROOT; };
		4FB15DE214F16EAC00FB0FD9 /* MediaPlayer.framework */ = {isa = PBXFileReference; lastKnownFileType = wrapper.framework; name = MediaPlayer.framework; path = System/Library/Frameworks/MediaPlayer.framework; sourceTree = SDKROOT; };
		F873504116D82312007A3DF5 /* pause.png */ = {isa = PBXFileReference; lastKnownFileType = image.png; path = pause.png; sourceTree = "<group>"; };
		F873504216D82312007A3DF5 /* play.png */ = {isa = PBXFileReference; lastKnownFileType = image.png; path = play.png; sourceTree = "<group>"; };
		F8B414AB16D81998004C8377 /* Base.png */ = {isa = PBXFileReference; lastKnownFileType = image.png; name = Base.png; path = ../../../Desktop/Base.png; sourceTree = "<group>"; };
		F8B414AD16D81C7F004C8377 /* phaune-square.png */ = {isa = PBXFileReference; lastKnownFileType = image.png; path = "phaune-square.png"; sourceTree = "<group>"; };
/* End PBXFileReference section */

/* Begin PBXFrameworksBuildPhase section */
		4F4240DE14EFE08D00E7710D /* Frameworks */ = {
			isa = PBXFrameworksBuildPhase;
			buildActionMask = 2147483647;
			files = (
				4FB15DE314F16EAC00FB0FD9 /* MediaPlayer.framework in Frameworks */,
				4F42411114F0185300E7710D /* CoreMedia.framework in Frameworks */,
				4F42410314EFE0F100E7710D /* AVFoundation.framework in Frameworks */,
				4F4240E614EFE08D00E7710D /* UIKit.framework in Frameworks */,
				4F4240E814EFE08D00E7710D /* Foundation.framework in Frameworks */,
				4F4240EA14EFE08D00E7710D /* CoreGraphics.framework in Frameworks */,
			);
			runOnlyForDeploymentPostprocessing = 0;
		};
/* End PBXFrameworksBuildPhase section */

/* Begin PBXGroup section */
		4F4240D614EFE08C00E7710D = {
			isa = PBXGroup;
			children = (
				4F4240EB14EFE08D00E7710D /* HLS-iPhone */,
				4F4240E414EFE08D00E7710D /* Frameworks */,
				4F4240E214EFE08D00E7710D /* Products */,
			);
			sourceTree = "<group>";
		};
		4F4240E214EFE08D00E7710D /* Products */ = {
			isa = PBXGroup;
			children = (
				4F4240E114EFE08D00E7710D /* Phaune Radio.app */,
			);
			name = Products;
			sourceTree = "<group>";
		};
		4F4240E414EFE08D00E7710D /* Frameworks */ = {
			isa = PBXGroup;
			children = (
				4FB15DE214F16EAC00FB0FD9 /* MediaPlayer.framework */,
				4F42411014F0185300E7710D /* CoreMedia.framework */,
				4F42410214EFE0F100E7710D /* AVFoundation.framework */,
				4F4240E514EFE08D00E7710D /* UIKit.framework */,
				4F4240E714EFE08D00E7710D /* Foundation.framework */,
				4F4240E914EFE08D00E7710D /* CoreGraphics.framework */,
			);
			name = Frameworks;
			sourceTree = "<group>";
		};
		4F4240EB14EFE08D00E7710D /* HLS-iPhone */ = {
			isa = PBXGroup;
			children = (
				4F4240F414EFE08E00E7710D /* AppDelegate.h */,
				4F4240F514EFE08E00E7710D /* AppDelegate.m */,
				4F4240F714EFE08E00E7710D /* ViewController.h */,
				4F4240F814EFE08E00E7710D /* ViewController.m */,
				4F4240FA14EFE08E00E7710D /* ViewController.xib */,
				4F42410A14EFE81A00E7710D /* Resources */,
				4F4240EC14EFE08E00E7710D /* Supporting Files */,
			);
			path = "HLS-iPhone";
			sourceTree = "<group>";
		};
		4F4240EC14EFE08E00E7710D /* Supporting Files */ = {
			isa = PBXGroup;
			children = (
				4F4240ED14EFE08E00E7710D /* Phaune Radio-Info.plist */,
				4F4240EE14EFE08E00E7710D /* InfoPlist.strings */,
				4F4240F114EFE08E00E7710D /* main.m */,
				4F4240F314EFE08E00E7710D /* Phaune Radio-Prefix.pch */,
			);
			name = "Supporting Files";
			sourceTree = "<group>";
		};
		4F42410A14EFE81A00E7710D /* Resources */ = {
			isa = PBXGroup;
			children = (
				F873504116D82312007A3DF5 /* pause.png */,
				F873504216D82312007A3DF5 /* play.png */,
				F8B414AB16D81998004C8377 /* Base.png */,
				F8B414AD16D81C7F004C8377 /* phaune-square.png */,
			);
			name = Resources;
			sourceTree = "<group>";
		};
/* End PBXGroup section */

/* Begin PBXNativeTarget section */
		4F4240E014EFE08D00E7710D /* Phaune Radio */ = {
			isa = PBXNativeTarget;
			buildConfigurationList = 4F4240FF14EFE08E00E7710D /* Build configuration list for PBXNativeTarget "Phaune Radio" */;
			buildPhases = (
				4F4240DD14EFE08D00E7710D /* Sources */,
				4F4240DE14EFE08D00E7710D /* Frameworks */,
				4F4240DF14EFE08D00E7710D /* Resources */,
			);
			buildRules = (
			);
			dependencies = (
			);
			name = "Phaune Radio";
			productName = "HLS-iPhone";
			productReference = 4F4240E114EFE08D00E7710D /* Phaune Radio.app */;
			productType = "com.apple.product-type.application";
		};
/* End PBXNativeTarget section */

/* Begin PBXProject section */
		4F4240D814EFE08C00E7710D /* Project object */ = {
			isa = PBXProject;
			attributes = {
				LastUpgradeCheck = 0460;
			};
			buildConfigurationList = 4F4240DB14EFE08C00E7710D /* Build configuration list for PBXProject "Phaune Radio" */;
			compatibilityVersion = "Xcode 3.2";
			developmentRegion = English;
			hasScannedForEncodings = 0;
			knownRegions = (
				en,
			);
			mainGroup = 4F4240D614EFE08C00E7710D;
			productRefGroup = 4F4240E214EFE08D00E7710D /* Products */;
			projectDirPath = "";
			projectRoot = "";
			targets = (
				4F4240E014EFE08D00E7710D /* Phaune Radio */,
			);
		};
/* End PBXProject section */

/* Begin PBXResourcesBuildPhase section */
		4F4240DF14EFE08D00E7710D /* Resources */ = {
			isa = PBXResourcesBuildPhase;
			buildActionMask = 2147483647;
			files = (
				4F4240F014EFE08E00E7710D /* InfoPlist.strings in Resources */,
				4F4240FC14EFE08E00E7710D /* ViewController.xib in Resources */,
				F8B414AC16D81998004C8377 /* Base.png in Resources */,
				F8B414AE16D81C7F004C8377 /* phaune-square.png in Resources */,
				F873504316D82312007A3DF5 /* pause.png in Resources */,
				F873504416D82312007A3DF5 /* play.png in Resources */,
			);
			runOnlyForDeploymentPostprocessing = 0;
		};
/* End PBXResourcesBuildPhase section */

/* Begin PBXSourcesBuildPhase section */
		4F4240DD14EFE08D00E7710D /* Sources */ = {
			isa = PBXSourcesBuildPhase;
			buildActionMask = 2147483647;
			files = (
				4F4240F214EFE08E00E7710D /* main.m in Sources */,
				4F4240F614EFE08E00E7710D /* AppDelegate.m in Sources */,
				4F4240F914EFE08E00E7710D /* ViewController.m in Sources */,
			);
			runOnlyForDeploymentPostprocessing = 0;
		};
/* End PBXSourcesBuildPhase section */

/* Begin PBXVariantGroup section */
		4F4240EE14EFE08E00E7710D /* InfoPlist.strings */ = {
			isa = PBXVariantGroup;
			children = (
				4F4240EF14EFE08E00E7710D /* en */,
			);
			name = InfoPlist.strings;
			sourceTree = "<group>";
		};
		4F4240FA14EFE08E00E7710D /* ViewController.xib */ = {
			isa = PBXVariantGroup;
			children = (
				4F4240FB14EFE08E00E7710D /* en */,
			);
			name = ViewController.xib;
			sourceTree = "<group>";
		};
/* End PBXVariantGroup section */

/* Begin XCBuildConfiguration section */
		4F4240FD14EFE08E00E7710D /* Debug */ = {
			isa = XCBuildConfiguration;
			buildSettings = {
				ALWAYS_SEARCH_USER_PATHS = NO;
				ARCHS = "$(ARCHS_STANDARD_32_BIT)";
				CLANG_ENABLE_OBJC_ARC = YES;
				CLANG_WARN_CONSTANT_CONVERSION = YES;
				CLANG_WARN_ENUM_CONVERSION = YES;
				CLANG_WARN_INT_CONVERSION = YES;
				CLANG_WARN__DUPLICATE_METHOD_MATCH = YES;
				"CODE_SIGN_IDENTITY[sdk=iphoneos*]" = "iPhone Developer";
				COPY_PHASE_STRIP = NO;
				GCC_C_LANGUAGE_STANDARD = gnu99;
				GCC_DYNAMIC_NO_PIC = NO;
				GCC_OPTIMIZATION_LEVEL = 0;
				GCC_PREPROCESSOR_DEFINITIONS = (
					"DEBUG=1",
					"$(inherited)",
				);
				GCC_SYMBOLS_PRIVATE_EXTERN = NO;
				GCC_VERSION = com.apple.compilers.llvm.clang.1_0;
				GCC_WARN_ABOUT_MISSING_PROTOTYPES = YES;
				GCC_WARN_ABOUT_RETURN_TYPE = YES;
				GCC_WARN_UNINITIALIZED_AUTOS = YES;
				GCC_WARN_UNUSED_VARIABLE = YES;
				IPHONEOS_DEPLOYMENT_TARGET = 5.0;
				SDKROOT = iphoneos;
			};
			name = Debug;
		};
		4F4240FE14EFE08E00E7710D /* Release */ = {
			isa = XCBuildConfiguration;
			buildSettings = {
				ALWAYS_SEARCH_USER_PATHS = NO;
				ARCHS = "$(ARCHS_STANDARD_32_BIT)";
				CLANG_ENABLE_OBJC_ARC = YES;
				CLANG_WARN_CONSTANT_CONVERSION = YES;
				CLANG_WARN_ENUM_CONVERSION = YES;
				CLANG_WARN_INT_CONVERSION = YES;
				CLANG_WARN__DUPLICATE_METHOD_MATCH = YES;
				"CODE_SIGN_IDENTITY[sdk=iphoneos*]" = "iPhone Developer";
				COPY_PHASE_STRIP = YES;
				GCC_C_LANGUAGE_STANDARD = gnu99;
				GCC_VERSION = com.apple.compilers.llvm.clang.1_0;
				GCC_WARN_ABOUT_MISSING_PROTOTYPES = YES;
				GCC_WARN_ABOUT_RETURN_TYPE = YES;
				GCC_WARN_UNINITIALIZED_AUTOS = YES;
				GCC_WARN_UNUSED_VARIABLE = YES;
				IPHONEOS_DEPLOYMENT_TARGET = 5.0;
				OTHER_CFLAGS = "-DNS_BLOCK_ASSERTIONS=1";
				SDKROOT = iphoneos;
				VALIDATE_PRODUCT = YES;
			};
			name = Release;
		};
		4F42410014EFE08E00E7710D /* Debug */ = {
			isa = XCBuildConfiguration;
			buildSettings = {
				GCC_PRECOMPILE_PREFIX_HEADER = YES;
				GCC_PREFIX_HEADER = "HLS-iPhone/Phaune Radio-Prefix.pch";
				INFOPLIST_FILE = "HLS-iPhone/Phaune Radio-Info.plist";
				IPHONEOS_DEPLOYMENT_TARGET = 4.0;
				PRODUCT_NAME = "Phaune Radio";
				WRAPPER_EXTENSION = app;
			};
			name = Debug;
		};
		4F42410114EFE08E00E7710D /* Release */ = {
			isa = XCBuildConfiguration;
			buildSettings = {
				GCC_PRECOMPILE_PREFIX_HEADER = YES;
				GCC_PREFIX_HEADER = "HLS-iPhone/Phaune Radio-Prefix.pch";
				INFOPLIST_FILE = "HLS-iPhone/Phaune Radio-Info.plist";
				IPHONEOS_DEPLOYMENT_TARGET = 4.0;
				PRODUCT_NAME = "Phaune Radio";
				WRAPPER_EXTENSION = app;
			};
			name = Release;
		};
/* End XCBuildConfiguration section */

/* Begin XCConfigurationList section */
		4F4240DB14EFE08C00E7710D /* Build configuration list for PBXProject "Phaune Radio" */ = {
			isa = XCConfigurationList;
			buildConfigurations = (
				4F4240FD14EFE08E00E7710D /* Debug */,
				4F4240FE14EFE08E00E7710D /* Release */,
			);
			defaultConfigurationIsVisible = 0;
			defaultConfigurationName = Release;
		};
		4F4240FF14EFE08E00E7710D /* Build configuration list for PBXNativeTarget "Phaune Radio" */ = {
			isa = XCConfigurationList;
			buildConfigurations = (
				4F42410014EFE08E00E7710D /* Debug */,
				4F42410114EFE08E00E7710D /* Release */,
			);
			defaultConfigurationIsVisible = 0;
			defaultConfigurationName = Release;
		};
/* End XCConfigurationList section */
	};
	rootObject = 4F4240D814EFE08C00E7710D /* Project object */;
}
